// !$*UTF8*$!
{
	archiveVersion = 1;
	classes = {
	};
	objectVersion = 50;
	objects = {

/* Begin PBXBuildFile section */
		F90F496D246BDE1300200835 /* AppDelegate.swift in Sources */ = {isa = PBXBuildFile; fileRef = F90F496C246BDE1300200835 /* AppDelegate.swift */; };
		F90F496F246BDE1300200835 /* SceneDelegate.swift in Sources */ = {isa = PBXBuildFile; fileRef = F90F496E246BDE1300200835 /* SceneDelegate.swift */; };
		F90F4971246BDE1300200835 /* ViewController.swift in Sources */ = {isa = PBXBuildFile; fileRef = F90F4970246BDE1300200835 /* ViewController.swift */; };
		F90F4974246BDE1300200835 /* Main.storyboard in Resources */ = {isa = PBXBuildFile; fileRef = F90F4972246BDE1300200835 /* Main.storyboard */; };
		F90F4976246BDE1700200835 /* Assets.xcassets in Resources */ = {isa = PBXBuildFile; fileRef = F90F4975246BDE1700200835 /* Assets.xcassets */; };
		F90F4979246BDE1700200835 /* LaunchScreen.storyboard in Resources */ = {isa = PBXBuildFile; fileRef = F90F4977246BDE1700200835 /* LaunchScreen.storyboard */; };
		F90F4991246BDE9400200835 /* bg_blue@2x.png in Resources */ = {isa = PBXBuildFile; fileRef = F90F4982246BDE9400200835 /* bg_blue@2x.png */; };
		F90F4992246BDE9400200835 /* bg_gold@2x.png in Resources */ = {isa = PBXBuildFile; fileRef = F90F4983246BDE9400200835 /* bg_gold@2x.png */; };
		F90F4993246BDE9400200835 /* gacha@2x.png in Resources */ = {isa = PBXBuildFile; fileRef = F90F4984246BDE9400200835 /* gacha@2x.png */; };
		F90F4994246BDE9400200835 /* bg_red@2x.png in Resources */ = {isa = PBXBuildFile; fileRef = F90F4985246BDE9400200835 /* bg_red@2x.png */; };
		F90F4995246BDE9400200835 /* monster005.png in Resources */ = {isa = PBXBuildFile; fileRef = F90F4987246BDE9400200835 /* monster005.png */; };
		F90F4996246BDE9400200835 /* monster010.png in Resources */ = {isa = PBXBuildFile; fileRef = F90F4988246BDE9400200835 /* monster010.png */; };
		F90F4997246BDE9400200835 /* monster004.png in Resources */ = {isa = PBXBuildFile; fileRef = F90F4989246BDE9400200835 /* monster004.png */; };
		F90F4998246BDE9400200835 /* monster006.png in Resources */ = {isa = PBXBuildFile; fileRef = F90F498A246BDE9400200835 /* monster006.png */; };
		F90F4999246BDE9400200835 /* monster007.png in Resources */ = {isa = PBXBuildFile; fileRef = F90F498B246BDE9400200835 /* monster007.png */; };
		F90F499A246BDE9400200835 /* monster003.png in Resources */ = {isa = PBXBuildFile; fileRef = F90F498C246BDE9400200835 /* monster003.png */; };
		F90F499B246BDE9400200835 /* monster002.png in Resources */ = {isa = PBXBuildFile; fileRef = F90F498D246BDE9400200835 /* monster002.png */; };
		F90F499C246BDE9400200835 /* monster001.png in Resources */ = {isa = PBXBuildFile; fileRef = F90F498E246BDE9400200835 /* monster001.png */; };
		F90F499D246BDE9400200835 /* monster009.png in Resources */ = {isa = PBXBuildFile; fileRef = F90F498F246BDE9400200835 /* monster009.png */; };
		F90F499E246BDE9400200835 /* monster008.png in Resources */ = {isa = PBXBuildFile; fileRef = F90F4990246BDE9400200835 /* monster008.png */; };
		F90F49A0246BDFDA00200835 /* ResultViewController.swift in Sources */ = {isa = PBXBuildFile; fileRef = F90F499F246BDFDA00200835 /* ResultViewController.swift */; };
/* End PBXBuildFile section */

/* Begin PBXFileReference section */
		F90F4969246BDE1300200835 /* GachaNew.app */ = {isa = PBXFileReference; explicitFileType = wrapper.application; includeInIndex = 0; path = GachaNew.app; sourceTree = BUILT_PRODUCTS_DIR; };
		F90F496C246BDE1300200835 /* AppDelegate.swift */ = {isa = PBXFileReference; lastKnownFileType = sourcecode.swift; path = AppDelegate.swift; sourceTree = "<group>"; };
		F90F496E246BDE1300200835 /* SceneDelegate.swift */ = {isa = PBXFileReference; lastKnownFileType = sourcecode.swift; path = SceneDelegate.swift; sourceTree = "<group>"; };
		F90F4970246BDE1300200835 /* ViewController.swift */ = {isa = PBXFileReference; lastKnownFileType = sourcecode.swift; path = ViewController.swift; sourceTree = "<group>"; };
		F90F4973246BDE1300200835 /* Base */ = {isa = PBXFileReference; lastKnownFileType = file.storyboard; name = Base; path = Base.lproj/Main.storyboard; sourceTree = "<group>"; };
		F90F4975246BDE1700200835 /* Assets.xcassets */ = {isa = PBXFileReference; lastKnownFileType = folder.assetcatalog; path = Assets.xcassets; sourceTree = "<group>"; };
		F90F4978246BDE1700200835 /* Base */ = {isa = PBXFileReference; lastKnownFileType = file.storyboard; name = Base; path = Base.lproj/LaunchScreen.storyboard; sourceTree = "<group>"; };
		F90F497A246BDE1700200835 /* Info.plist */ = {isa = PBXFileReference; lastKnownFileType = text.plist.xml; path = Info.plist; sourceTree = "<group>"; };
		F90F4982246BDE9400200835 /* bg_blue@2x.png */ = {isa = PBXFileReference; lastKnownFileType = image.png; path = "bg_blue@2x.png"; sourceTree = "<group>"; };
		F90F4983246BDE9400200835 /* bg_gold@2x.png */ = {isa = PBXFileReference; lastKnownFileType = image.png; path = "bg_gold@2x.png"; sourceTree = "<group>"; };
		F90F4984246BDE9400200835 /* gacha@2x.png */ = {isa = PBXFileReference; lastKnownFileType = image.png; path = "gacha@2x.png"; sourceTree = "<group>"; };
		F90F4985246BDE9400200835 /* bg_red@2x.png */ = {isa = PBXFileReference; lastKnownFileType = image.png; path = "bg_red@2x.png"; sourceTree = "<group>"; };
		F90F4987246BDE9400200835 /* monster005.png */ = {isa = PBXFileReference; lastKnownFileType = image.png; path = monster005.png; sourceTree = "<group>"; };
		F90F4988246BDE9400200835 /* monster010.png */ = {isa = PBXFileReference; lastKnownFileType = image.png; path = monster010.png; sourceTree = "<group>"; };
		F90F4989246BDE9400200835 /* monster004.png */ = {isa = PBXFileReference; lastKnownFileType = image.png; path = monster004.png; sourceTree = "<group>"; };
		F90F498A246BDE9400200835 /* monster006.png */ = {isa = PBXFileReference; lastKnownFileType = image.png; path = monster006.png; sourceTree = "<group>"; };
		F90F498B246BDE9400200835 /* monster007.png */ = {isa = PBXFileReference; lastKnownFileType = image.png; path = monster007.png; sourceTree = "<group>"; };
		F90F498C246BDE9400200835 /* monster003.png */ = {isa = PBXFileReference; lastKnownFileType = image.png; path = monster003.png; sourceTree = "<group>"; };
		F90F498D246BDE9400200835 /* monster002.png */ = {isa = PBXFileReference; lastKnownFileType = image.png; path = monster002.png; sourceTree = "<group>"; };
		F90F498E246BDE9400200835 /* monster001.png */ = {isa = PBXFileReference; lastKnownFileType = image.png; path = monster001.png; sourceTree = "<group>"; };
		F90F498F246BDE9400200835 /* monster009.png */ = {isa = PBXFileReference; lastKnownFileType = image.png; path = monster009.png; sourceTree = "<group>"; };
		F90F4990246BDE9400200835 /* monster008.png */ = {isa = PBXFileReference; lastKnownFileType = image.png; path = monster008.png; sourceTree = "<group>"; };
		F90F499F246BDFDA00200835 /* ResultViewController.swift */ = {isa = PBXFileReference; lastKnownFileType = sourcecode.swift; path = ResultViewController.swift; sourceTree = "<group>"; };
/* End PBXFileReference section */

/* Begin PBXFrameworksBuildPhase section */
		F90F4966246BDE1300200835 /* Frameworks */ = {
			isa = PBXFrameworksBuildPhase;
			buildActionMask = 2147483647;
			files = (
			);
			runOnlyForDeploymentPostprocessing = 0;
		};
/* End PBXFrameworksBuildPhase section */

/* Begin PBXGroup section */
		F90F4960246BDE1300200835 = {
			isa = PBXGroup;
			children = (
				F90F496B246BDE1300200835 /* GachaNew */,
				F90F496A246BDE1300200835 /* Products */,
			);
			sourceTree = "<group>";
		};
		F90F496A246BDE1300200835 /* Products */ = {
			isa = PBXGroup;
			children = (
				F90F4969246BDE1300200835 /* GachaNew.app */,
			);
			name = Products;
			sourceTree = "<group>";
		};
		F90F496B246BDE1300200835 /* GachaNew */ = {
			isa = PBXGroup;
			children = (
				F90F496C246BDE1300200835 /* AppDelegate.swift */,
				F90F496E246BDE1300200835 /* SceneDelegate.swift */,
				F90F4970246BDE1300200835 /* ViewController.swift */,
				F90F499F246BDFDA00200835 /* ResultViewController.swift */,
				F90F4972246BDE1300200835 /* Main.storyboard */,
				F90F4975246BDE1700200835 /* Assets.xcassets */,
				F90F4977246BDE1700200835 /* LaunchScreen.storyboard */,
				F90F497A246BDE1700200835 /* Info.plist */,
				F90F4980246BDE9400200835 /* GachaResources */,
			);
			path = GachaNew;
			sourceTree = "<group>";
		};
		F90F4980246BDE9400200835 /* GachaResources */ = {
			isa = PBXGroup;
			children = (
				F90F4981246BDE9400200835 /* background */,
				F90F4986246BDE9400200835 /* monster */,
			);
			path = GachaResources;
			sourceTree = "<group>";
		};
		F90F4981246BDE9400200835 /* background */ = {
			isa = PBXGroup;
			children = (
				F90F4982246BDE9400200835 /* bg_blue@2x.png */,
				F90F4983246BDE9400200835 /* bg_gold@2x.png */,
				F90F4984246BDE9400200835 /* gacha@2x.png */,
				F90F4985246BDE9400200835 /* bg_red@2x.png */,
			);
			path = background;
			sourceTree = "<group>";
		};
		F90F4986246BDE9400200835 /* monster */ = {
			isa = PBXGroup;
			children = (
				F90F4987246BDE9400200835 /* monster005.png */,
				F90F4988246BDE9400200835 /* monster010.png */,
				F90F4989246BDE9400200835 /* monster004.png */,
				F90F498A246BDE9400200835 /* monster006.png */,
				F90F498B246BDE9400200835 /* monster007.png */,
				F90F498C246BDE9400200835 /* monster003.png */,
				F90F498D246BDE9400200835 /* monster002.png */,
				F90F498E246BDE9400200835 /* monster001.png */,
				F90F498F246BDE9400200835 /* monster009.png */,
				F90F4990246BDE9400200835 /* monster008.png */,
			);
			path = monster;
			sourceTree = "<group>";
		};
/* End PBXGroup section */

/* Begin PBXNativeTarget section */
		F90F4968246BDE1300200835 /* GachaNew */ = {
			isa = PBXNativeTarget;
			buildConfigurationList = F90F497D246BDE1700200835 /* Build configuration list for PBXNativeTarget "GachaNew" */;
			buildPhases = (
				F90F4965246BDE1300200835 /* Sources */,
				F90F4966246BDE1300200835 /* Frameworks */,
				F90F4967246BDE1300200835 /* Resources */,
			);
			buildRules = (
			);
			dependencies = (
			);
			name = GachaNew;
			productName = GachaNew;
			productReference = F90F4969246BDE1300200835 /* GachaNew.app */;
			productType = "com.apple.product-type.application";
		};
/* End PBXNativeTarget section */

/* Begin PBXProject section */
		F90F4961246BDE1300200835 /* Project object */ = {
			isa = PBXProject;
			attributes = {
				LastSwiftUpdateCheck = 1140;
				LastUpgradeCheck = 1140;
				ORGANIZATIONNAME = "森田貴帆";
				TargetAttributes = {
					F90F4968246BDE1300200835 = {
						CreatedOnToolsVersion = 11.4.1;
					};
				};
			};
			buildConfigurationList = F90F4964246BDE1300200835 /* Build configuration list for PBXProject "GachaNew" */;
			compatibilityVersion = "Xcode 9.3";
			developmentRegion = en;
			hasScannedForEncodings = 0;
			knownRegions = (
				en,
				Base,
			);
			mainGroup = F90F4960246BDE1300200835;
			productRefGroup = F90F496A246BDE1300200835 /* Products */;
			projectDirPath = "";
			projectRoot = "";
			targets = (
				F90F4968246BDE1300200835 /* GachaNew */,
			);
		};
/* End PBXProject section */

/* Begin PBXResourcesBuildPhase section */
		F90F4967246BDE1300200835 /* Resources */ = {
			isa = PBXResourcesBuildPhase;
			buildActionMask = 2147483647;
			files = (
				F90F4994246BDE9400200835 /* bg_red@2x.png in Resources */,
				F90F4979246BDE1700200835 /* LaunchScreen.storyboard in Resources */,
				F90F499D246BDE9400200835 /* monster009.png in Resources */,
				F90F4992246BDE9400200835 /* bg_gold@2x.png in Resources */,
				F90F499A246BDE9400200835 /* monster003.png in Resources */,
				F90F499C246BDE9400200835 /* monster001.png in Resources */,
				F90F499E246BDE9400200835 /* monster008.png in Resources */,
				F90F4976246BDE1700200835 /* Assets.xcassets in Resources */,
				F90F4999246BDE9400200835 /* monster007.png in Resources */,
				F90F4993246BDE9400200835 /* gacha@2x.png in Resources */,
				F90F499B246BDE9400200835 /* monster002.png in Resources */,
				F90F4974246BDE1300200835 /* Main.storyboard in Resources */,
				F90F4996246BDE9400200835 /* monster010.png in Resources */,
				F90F4998246BDE9400200835 /* monster006.png in Resources */,
				F90F4995246BDE9400200835 /* monster005.png in Resources */,
				F90F4991246BDE9400200835 /* bg_blue@2x.png in Resources */,
				F90F4997246BDE9400200835 /* monster004.png in Resources */,
			);
			runOnlyForDeploymentPostprocessing = 0;
		};
/* End PBXResourcesBuildPhase section */

/* Begin PBXSourcesBuildPhase section */
		F90F4965246BDE1300200835 /* Sources */ = {
			isa = PBXSourcesBuildPhase;
			buildActionMask = 2147483647;
			files = (
				F90F4971246BDE1300200835 /* ViewController.swift in Sources */,
				F90F496D246BDE1300200835 /* AppDelegate.swift in Sources */,
				F90F496F246BDE1300200835 /* SceneDelegate.swift in Sources */,
				F90F49A0246BDFDA00200835 /* ResultViewController.swift in Sources */,
			);
			runOnlyForDeploymentPostprocessing = 0;
		};
/* End PBXSourcesBuildPhase section */

/* Begin PBXVariantGroup section */
		F90F4972246BDE1300200835 /* Main.storyboard */ = {
			isa = PBXVariantGroup;
			children = (
				F90F4973246BDE1300200835 /* Base */,
			);
			name = Main.storyboard;
			sourceTree = "<group>";
		};
		F90F4977246BDE1700200835 /* LaunchScreen.storyboard */ = {
			isa = PBXVariantGroup;
			children = (
				F90F4978246BDE1700200835 /* Base */,
			);
			name = LaunchScreen.storyboard;
			sourceTree = "<group>";
		};
/* End PBXVariantGroup section */

/* Begin XCBuildConfiguration section */
		F90F497B246BDE1700200835 /* Debug */ = {
			isa = XCBuildConfiguration;
			buildSettings = {
				ALWAYS_SEARCH_USER_PATHS = NO;
				CLANG_ANALYZER_NONNULL = YES;
				CLANG_ANALYZER_NUMBER_OBJECT_CONVERSION = YES_AGGRESSIVE;
				CLANG_CXX_LANGUAGE_STANDARD = "gnu++14";
				CLANG_CXX_LIBRARY = "libc++";
				CLANG_ENABLE_MODULES = YES;
				CLANG_ENABLE_OBJC_ARC = YES;
				CLANG_ENABLE_OBJC_WEAK = YES;
				CLANG_WARN_BLOCK_CAPTURE_AUTORELEASING = YES;
				CLANG_WARN_BOOL_CONVERSION = YES;
				CLANG_WARN_COMMA = YES;
				CLANG_WARN_CONSTANT_CONVERSION = YES;
				CLANG_WARN_DEPRECATED_OBJC_IMPLEMENTATIONS = YES;
				CLANG_WARN_DIRECT_OBJC_ISA_USAGE = YES_ERROR;
				CLANG_WARN_DOCUMENTATION_COMMENTS = YES;
				CLANG_WARN_EMPTY_BODY = YES;
				CLANG_WARN_ENUM_CONVERSION = YES;
				CLANG_WARN_INFINITE_RECURSION = YES;
				CLANG_WARN_INT_CONVERSION = YES;
				CLANG_WARN_NON_LITERAL_NULL_CONVERSION = YES;
				CLANG_WARN_OBJC_IMPLICIT_RETAIN_SELF = YES;
				CLANG_WARN_OBJC_LITERAL_CONVERSION = YES;
				CLANG_WARN_OBJC_ROOT_CLASS = YES_ERROR;
				CLANG_WARN_RANGE_LOOP_ANALYSIS = YES;
				CLANG_WARN_STRICT_PROTOTYPES = YES;
				CLANG_WARN_SUSPICIOUS_MOVE = YES;
				CLANG_WARN_UNGUARDED_AVAILABILITY = YES_AGGRESSIVE;
				CLANG_WARN_UNREACHABLE_CODE = YES;
				CLANG_WARN__DUPLICATE_METHOD_MATCH = YES;
				COPY_PHASE_STRIP = NO;
				DEBUG_INFORMATION_FORMAT = dwarf;
				ENABLE_STRICT_OBJC_MSGSEND = YES;
				ENABLE_TESTABILITY = YES;
				GCC_C_LANGUAGE_STANDARD = gnu11;
				GCC_DYNAMIC_NO_PIC = NO;
				GCC_NO_COMMON_BLOCKS = YES;
				GCC_OPTIMIZATION_LEVEL = 0;
				GCC_PREPROCESSOR_DEFINITIONS = (
					"DEBUG=1",
					"$(inherited)",
				);
				GCC_WARN_64_TO_32_BIT_CONVERSION = YES;
				GCC_WARN_ABOUT_RETURN_TYPE = YES_ERROR;
				GCC_WARN_UNDECLARED_SELECTOR = YES;
				GCC_WARN_UNINITIALIZED_AUTOS = YES_AGGRESSIVE;
				GCC_WARN_UNUSED_FUNCTION = YES;
				GCC_WARN_UNUSED_VARIABLE = YES;
				IPHONEOS_DEPLOYMENT_TARGET = 13.4;
				MTL_ENABLE_DEBUG_INFO = INCLUDE_SOURCE;
				MTL_FAST_MATH = YES;
				ONLY_ACTIVE_ARCH = YES;
				SDKROOT = iphoneos;
				SWIFT_ACTIVE_COMPILATION_CONDITIONS = DEBUG;
				SWIFT_OPTIMIZATION_LEVEL = "-Onone";
			};
			name = Debug;
		};
		F90F497C246BDE1700200835 /* Release */ = {
			isa = XCBuildConfiguration;
			buildSettings = {
				ALWAYS_SEARCH_USER_PATHS = NO;
				CLANG_ANALYZER_NONNULL = YES;
				CLANG_ANALYZER_NUMBER_OBJECT_CONVERSION = YES_AGGRESSIVE;
				CLANG_CXX_LANGUAGE_STANDARD = "gnu++14";
				CLANG_CXX_LIBRARY = "libc++";
				CLANG_ENABLE_MODULES = YES;
				CLANG_ENABLE_OBJC_ARC = YES;
				CLANG_ENABLE_OBJC_WEAK = YES;
				CLANG_WARN_BLOCK_CAPTURE_AUTORELEASING = YES;
				CLANG_WARN_BOOL_CONVERSION = YES;
				CLANG_WARN_COMMA = YES;
				CLANG_WARN_CONSTANT_CONVERSION = YES;
				CLANG_WARN_DEPRECATED_OBJC_IMPLEMENTATIONS = YES;
				CLANG_WARN_DIRECT_OBJC_ISA_USAGE = YES_ERROR;
				CLANG_WARN_DOCUMENTATION_COMMENTS = YES;
				CLANG_WARN_EMPTY_BODY = YES;
				CLANG_WARN_ENUM_CONVERSION = YES;
				CLANG_WARN_INFINITE_RECURSION = YES;
				CLANG_WARN_INT_CONVERSION = YES;
				CLANG_WARN_NON_LITERAL_NULL_CONVERSION = YES;
				CLANG_WARN_OBJC_IMPLICIT_RETAIN_SELF = YES;
				CLANG_WARN_OBJC_LITERAL_CONVERSION = YES;
				CLANG_WARN_OBJC_ROOT_CLASS = YES_ERROR;
				CLANG_WARN_RANGE_LOOP_ANALYSIS = YES;
				CLANG_WARN_STRICT_PROTOTYPES = YES;
				CLANG_WARN_SUSPICIOUS_MOVE = YES;
				CLANG_WARN_UNGUARDED_AVAILABILITY = YES_AGGRESSIVE;
				CLANG_WARN_UNREACHABLE_CODE = YES;
				CLANG_WARN__DUPLICATE_METHOD_MATCH = YES;
				COPY_PHASE_STRIP = NO;
				DEBUG_INFORMATION_FORMAT = "dwarf-with-dsym";
				ENABLE_NS_ASSERTIONS = NO;
				ENABLE_STRICT_OBJC_MSGSEND = YES;
				GCC_C_LANGUAGE_STANDARD = gnu11;
				GCC_NO_COMMON_BLOCKS = YES;
				GCC_WARN_64_TO_32_BIT_CONVERSION = YES;
				GCC_WARN_ABOUT_RETURN_TYPE = YES_ERROR;
				GCC_WARN_UNDECLARED_SELECTOR = YES;
				GCC_WARN_UNINITIALIZED_AUTOS = YES_AGGRESSIVE;
				GCC_WARN_UNUSED_FUNCTION = YES;
				GCC_WARN_UNUSED_VARIABLE = YES;
				IPHONEOS_DEPLOYMENT_TARGET = 13.4;
				MTL_ENABLE_DEBUG_INFO = NO;
				MTL_FAST_MATH = YES;
				SDKROOT = iphoneos;
				SWIFT_COMPILATION_MODE = wholemodule;
				SWIFT_OPTIMIZATION_LEVEL = "-O";
				VALIDATE_PRODUCT = YES;
			};
			name = Release;
		};
		F90F497E246BDE1700200835 /* Debug */ = {
			isa = XCBuildConfiguration;
			buildSettings = {
				ASSETCATALOG_COMPILER_APPICON_NAME = AppIcon;
				CODE_SIGN_STYLE = Automatic;
				DEVELOPMENT_TEAM = F9X9VCT8TE;
				INFOPLIST_FILE = GachaNew/Info.plist;
				LD_RUNPATH_SEARCH_PATHS = (
					"$(inherited)",
					"@executable_path/Frameworks",
				);
				PRODUCT_BUNDLE_IDENTIFIER = app.kihomori.morita.GachaNew;
				PRODUCT_NAME = "$(TARGET_NAME)";
				SWIFT_VERSION = 5.0;
				TARGETED_DEVICE_FAMILY = "1,2";
			};
			name = Debug;
		};
		F90F497F246BDE1700200835 /* Release */ = {
			isa = XCBuildConfiguration;
			buildSettings = {
				ASSETCATALOG_COMPILER_APPICON_NAME = AppIcon;
				CODE_SIGN_STYLE = Automatic;
				DEVELOPMENT_TEAM = F9X9VCT8TE;
				INFOPLIST_FILE = GachaNew/Info.plist;
				LD_RUNPATH_SEARCH_PATHS = (
					"$(inherited)",
					"@executable_path/Frameworks",
				);
				PRODUCT_BUNDLE_IDENTIFIER = app.kihomori.morita.GachaNew;
				PRODUCT_NAME = "$(TARGET_NAME)";
				SWIFT_VERSION = 5.0;
				TARGETED_DEVICE_FAMILY = "1,2";
			};
			name = Release;
		};
/* End XCBuildConfiguration section */

/* Begin XCConfigurationList section */
		F90F4964246BDE1300200835 /* Build configuration list for PBXProject "GachaNew" */ = {
			isa = XCConfigurationList;
			buildConfigurations = (
				F90F497B246BDE1700200835 /* Debug */,
				F90F497C246BDE1700200835 /* Release */,
			);
			defaultConfigurationIsVisible = 0;
			defaultConfigurationName = Release;
		};
		F90F497D246BDE1700200835 /* Build configuration list for PBXNativeTarget "GachaNew" */ = {
			isa = XCConfigurationList;
			buildConfigurations = (
				F90F497E246BDE1700200835 /* Debug */,
				F90F497F246BDE1700200835 /* Release */,
			);
			defaultConfigurationIsVisible = 0;
			defaultConfigurationName = Release;
		};
/* End XCConfigurationList section */
	};
	rootObject = F90F4961246BDE1300200835 /* Project object */;
}
